
Microsoft Visual Studio Solution File, Format Version 12.00
# Visual Studio Version 17
VisualStudioVersion = 17.2.32526.322
MinimumVisualStudioVersion = 10.0.40219.1
Project("{8BC9CEB8-8B4A-11D0-8D11-00A0C91BC942}") = "OAiP_lab6_a5_for", "OAiP_lab6_a5_for\OAiP_lab6_a5_for.vcxproj", "{B228372A-19E7-41DC-A948-AC370A9F0201}"
EndProject
Global
	GlobalSection(SolutionConfigurationPlatforms) = preSolution
		Debug|x64 = Debug|x64
		Debug|x86 = Debug|x86
		Release|x64 = Release|x64
		Release|x86 = Release|x86
	EndGlobalSection
	GlobalSection(ProjectConfigurationPlatforms) = postSolution
		{B228372A-19E7-41DC-A948-AC370A9F0201}.Debug|x64.ActiveCfg = Debug|x64
		{B228372A-19E7-41DC-A948-AC370A9F0201}.Debug|x64.Build.0 = Debug|x64
		{B228372A-19E7-41DC-A948-AC370A9F0201}.Debug|x86.ActiveCfg = Debug|Win32
		{B228372A-19E7-41DC-A948-AC370A9F0201}.Debug|x86.Build.0 = Debug|Win32
		{B228372A-19E7-41DC-A948-AC370A9F0201}.Release|x64.ActiveCfg = Release|x64
		{B228372A-19E7-41DC-A948-AC370A9F0201}.Release|x64.Build.0 = Release|x64
		{B228372A-19E7-41DC-A948-AC370A9F0201}.Release|x86.ActiveCfg = Release|Win32
		{B228372A-19E7-41DC-A948-AC370A9F0201}.Release|x86.Build.0 = Release|Win32
	EndGlobalSection
	GlobalSection(SolutionProperties) = preSolution
		HideSolutionNode = FALSE
	EndGlobalSection
	GlobalSection(ExtensibilityGlobals) = postSolution
		SolutionGuid = {BC84B8C0-EB39-4EAC-9F38-84C9635628FF}
	EndGlobalSection
EndGlobal
